// !$*UTF8*$!
{
	archiveVersion = 1;
	classes = {
	};
	objectVersion = 50;
	objects = {

/* Begin PBXBuildFile section */
		DF587BEE244AFC3000468A11 /* AppDelegate.swift in Sources */ = {isa = PBXBuildFile; fileRef = DF587BED244AFC3000468A11 /* AppDelegate.swift */; };
		DF587BF0244AFC3000468A11 /* SceneDelegate.swift in Sources */ = {isa = PBXBuildFile; fileRef = DF587BEF244AFC3000468A11 /* SceneDelegate.swift */; };
		DF587BF2244AFC3000468A11 /* PersonalityTestViewController.swift in Sources */ = {isa = PBXBuildFile; fileRef = DF587BF1244AFC3000468A11 /* PersonalityTestViewController.swift */; };
		DF587BF5244AFC3000468A11 /* Main.storyboard in Resources */ = {isa = PBXBuildFile; fileRef = DF587BF3244AFC3000468A11 /* Main.storyboard */; };
		DF587BF7244AFC3200468A11 /* Assets.xcassets in Resources */ = {isa = PBXBuildFile; fileRef = DF587BF6244AFC3200468A11 /* Assets.xcassets */; };
		DF587BFA244AFC3200468A11 /* LaunchScreen.storyboard in Resources */ = {isa = PBXBuildFile; fileRef = DF587BF8244AFC3200468A11 /* LaunchScreen.storyboard */; };
		DF587C05244AFC3200468A11 /* SparkNetworksTests.swift in Sources */ = {isa = PBXBuildFile; fileRef = DF587C04244AFC3200468A11 /* SparkNetworksTests.swift */; };
		DF587C23244B094100468A11 /* BaseCoordinator.swift in Sources */ = {isa = PBXBuildFile; fileRef = DF587C22244B094100468A11 /* BaseCoordinator.swift */; };
		DF587C26244B793F00468A11 /* AppError.swift in Sources */ = {isa = PBXBuildFile; fileRef = DF587C25244B793F00468A11 /* AppError.swift */; };
		DF587C28244B796500468A11 /* ThemeManager.swift in Sources */ = {isa = PBXBuildFile; fileRef = DF587C27244B796500468A11 /* ThemeManager.swift */; };
		DF587C2B244B79BD00468A11 /* UIColor+Extensions.swift in Sources */ = {isa = PBXBuildFile; fileRef = DF587C2A244B79BD00468A11 /* UIColor+Extensions.swift */; };
		DF587C2D244B7D4900468A11 /* Theme.xcassets in Resources */ = {isa = PBXBuildFile; fileRef = DF587C2C244B7D4900468A11 /* Theme.xcassets */; };
		DF587C2F244B80A900468A11 /* UIViewController+Extension.swift in Sources */ = {isa = PBXBuildFile; fileRef = DF587C2E244B80A900468A11 /* UIViewController+Extension.swift */; };
		DF587C31244B8F1A00468A11 /* AppCoordinator.swift in Sources */ = {isa = PBXBuildFile; fileRef = DF587C30244B8F1A00468A11 /* AppCoordinator.swift */; };
		DF587C33244B8F6600468A11 /* PersonalityTestCoordinator.swift in Sources */ = {isa = PBXBuildFile; fileRef = DF587C32244B8F6600468A11 /* PersonalityTestCoordinator.swift */; };
		DF587C36244B8FEE00468A11 /* StoryboardInitializable.swift in Sources */ = {isa = PBXBuildFile; fileRef = DF587C35244B8FEE00468A11 /* StoryboardInitializable.swift */; };
		DF587C38244C843900468A11 /* DequeueInitializable.swift in Sources */ = {isa = PBXBuildFile; fileRef = DF587C37244C843900468A11 /* DequeueInitializable.swift */; };
		DF587C3A244C853700468A11 /* PersonalityTestViewModel.swift in Sources */ = {isa = PBXBuildFile; fileRef = DF587C39244C853700468A11 /* PersonalityTestViewModel.swift */; };
/* End PBXBuildFile section */

/* Begin PBXContainerItemProxy section */
		DF587C01244AFC3200468A11 /* PBXContainerItemProxy */ = {
			isa = PBXContainerItemProxy;
			containerPortal = DF587BE2244AFC3000468A11 /* Project object */;
			proxyType = 1;
			remoteGlobalIDString = DF587BE9244AFC3000468A11;
			remoteInfo = SparkNetworks;
		};
/* End PBXContainerItemProxy section */

/* Begin PBXFileReference section */
		DF587BEA244AFC3000468A11 /* SparkNetworks.app */ = {isa = PBXFileReference; explicitFileType = wrapper.application; includeInIndex = 0; path = SparkNetworks.app; sourceTree = BUILT_PRODUCTS_DIR; };
		DF587BED244AFC3000468A11 /* AppDelegate.swift */ = {isa = PBXFileReference; lastKnownFileType = sourcecode.swift; path = AppDelegate.swift; sourceTree = "<group>"; };
		DF587BEF244AFC3000468A11 /* SceneDelegate.swift */ = {isa = PBXFileReference; lastKnownFileType = sourcecode.swift; path = SceneDelegate.swift; sourceTree = "<group>"; };
		DF587BF1244AFC3000468A11 /* PersonalityTestViewController.swift */ = {isa = PBXFileReference; lastKnownFileType = sourcecode.swift; path = PersonalityTestViewController.swift; sourceTree = "<group>"; };
		DF587BF4244AFC3000468A11 /* Base */ = {isa = PBXFileReference; lastKnownFileType = file.storyboard; name = Base; path = Base.lproj/Main.storyboard; sourceTree = "<group>"; };
		DF587BF6244AFC3200468A11 /* Assets.xcassets */ = {isa = PBXFileReference; lastKnownFileType = folder.assetcatalog; path = Assets.xcassets; sourceTree = "<group>"; };
		DF587BF9244AFC3200468A11 /* Base */ = {isa = PBXFileReference; lastKnownFileType = file.storyboard; name = Base; path = Base.lproj/LaunchScreen.storyboard; sourceTree = "<group>"; };
		DF587BFB244AFC3200468A11 /* Info.plist */ = {isa = PBXFileReference; lastKnownFileType = text.plist.xml; path = Info.plist; sourceTree = "<group>"; };
		DF587C00244AFC3200468A11 /* SparkNetworksTests.xctest */ = {isa = PBXFileReference; explicitFileType = wrapper.cfbundle; includeInIndex = 0; path = SparkNetworksTests.xctest; sourceTree = BUILT_PRODUCTS_DIR; };
		DF587C04244AFC3200468A11 /* SparkNetworksTests.swift */ = {isa = PBXFileReference; lastKnownFileType = sourcecode.swift; path = SparkNetworksTests.swift; sourceTree = "<group>"; };
		DF587C06244AFC3200468A11 /* Info.plist */ = {isa = PBXFileReference; lastKnownFileType = text.plist.xml; path = Info.plist; sourceTree = "<group>"; };
		DF587C22244B094100468A11 /* BaseCoordinator.swift */ = {isa = PBXFileReference; lastKnownFileType = sourcecode.swift; path = BaseCoordinator.swift; sourceTree = "<group>"; };
		DF587C25244B793F00468A11 /* AppError.swift */ = {isa = PBXFileReference; lastKnownFileType = sourcecode.swift; path = AppError.swift; sourceTree = "<group>"; };
		DF587C27244B796500468A11 /* ThemeManager.swift */ = {isa = PBXFileReference; lastKnownFileType = sourcecode.swift; path = ThemeManager.swift; sourceTree = "<group>"; };
		DF587C2A244B79BD00468A11 /* UIColor+Extensions.swift */ = {isa = PBXFileReference; lastKnownFileType = sourcecode.swift; path = "UIColor+Extensions.swift"; sourceTree = "<group>"; };
		DF587C2C244B7D4900468A11 /* Theme.xcassets */ = {isa = PBXFileReference; lastKnownFileType = folder.assetcatalog; path = Theme.xcassets; sourceTree = "<group>"; };
		DF587C2E244B80A900468A11 /* UIViewController+Extension.swift */ = {isa = PBXFileReference; lastKnownFileType = sourcecode.swift; path = "UIViewController+Extension.swift"; sourceTree = "<group>"; };
		DF587C30244B8F1A00468A11 /* AppCoordinator.swift */ = {isa = PBXFileReference; lastKnownFileType = sourcecode.swift; path = AppCoordinator.swift; sourceTree = "<group>"; };
		DF587C32244B8F6600468A11 /* PersonalityTestCoordinator.swift */ = {isa = PBXFileReference; lastKnownFileType = sourcecode.swift; path = PersonalityTestCoordinator.swift; sourceTree = "<group>"; };
		DF587C35244B8FEE00468A11 /* StoryboardInitializable.swift */ = {isa = PBXFileReference; lastKnownFileType = sourcecode.swift; path = StoryboardInitializable.swift; sourceTree = "<group>"; };
		DF587C37244C843900468A11 /* DequeueInitializable.swift */ = {isa = PBXFileReference; lastKnownFileType = sourcecode.swift; path = DequeueInitializable.swift; sourceTree = "<group>"; };
		DF587C39244C853700468A11 /* PersonalityTestViewModel.swift */ = {isa = PBXFileReference; lastKnownFileType = sourcecode.swift; path = PersonalityTestViewModel.swift; sourceTree = "<group>"; };
/* End PBXFileReference section */

/* Begin PBXFrameworksBuildPhase section */
		DF587BE7244AFC3000468A11 /* Frameworks */ = {
			isa = PBXFrameworksBuildPhase;
			buildActionMask = 2147483647;
			files = (
			);
			runOnlyForDeploymentPostprocessing = 0;
		};
		DF587BFD244AFC3200468A11 /* Frameworks */ = {
			isa = PBXFrameworksBuildPhase;
			buildActionMask = 2147483647;
			files = (
			);
			runOnlyForDeploymentPostprocessing = 0;
		};
/* End PBXFrameworksBuildPhase section */

/* Begin PBXGroup section */
		DF587BE1244AFC3000468A11 = {
			isa = PBXGroup;
			children = (
				DF587BEC244AFC3000468A11 /* SparkNetworks */,
				DF587C03244AFC3200468A11 /* SparkNetworksTests */,
				DF587BEB244AFC3000468A11 /* Products */,
			);
			sourceTree = "<group>";
		};
		DF587BEB244AFC3000468A11 /* Products */ = {
			isa = PBXGroup;
			children = (
				DF587BEA244AFC3000468A11 /* SparkNetworks.app */,
				DF587C00244AFC3200468A11 /* SparkNetworksTests.xctest */,
			);
			name = Products;
			sourceTree = "<group>";
		};
		DF587BEC244AFC3000468A11 /* SparkNetworks */ = {
			isa = PBXGroup;
			children = (
				DF587C34244B8FC700468A11 /* Library */,
				DF587C29244B799A00468A11 /* Extensions */,
				DF587C24244B76D400468A11 /* Features */,
				DF587C21244B090400468A11 /* BaseClasses */,
				DF587C0F244B02D200468A11 /* Application */,
				DF587C10244B02E600468A11 /* Scene */,
				DF587C11244B030F00468A11 /* Storyboard */,
				DF587C1E244B038800468A11 /* Resources */,
				DF587C1D244B036F00468A11 /* Configurations */,
			);
			path = SparkNetworks;
			sourceTree = "<group>";
		};
		DF587C03244AFC3200468A11 /* SparkNetworksTests */ = {
			isa = PBXGroup;
			children = (
				DF587C04244AFC3200468A11 /* SparkNetworksTests.swift */,
				DF587C06244AFC3200468A11 /* Info.plist */,
			);
			path = SparkNetworksTests;
			sourceTree = "<group>";
		};
		DF587C0F244B02D200468A11 /* Application */ = {
			isa = PBXGroup;
			children = (
				DF587BED244AFC3000468A11 /* AppDelegate.swift */,
				DF587BEF244AFC3000468A11 /* SceneDelegate.swift */,
				DF587C30244B8F1A00468A11 /* AppCoordinator.swift */,
			);
			path = Application;
			sourceTree = "<group>";
		};
		DF587C10244B02E600468A11 /* Scene */ = {
			isa = PBXGroup;
			children = (
				DF587C32244B8F6600468A11 /* PersonalityTestCoordinator.swift */,
				DF587BF1244AFC3000468A11 /* PersonalityTestViewController.swift */,
				DF587C39244C853700468A11 /* PersonalityTestViewModel.swift */,
			);
			path = Scene;
			sourceTree = "<group>";
		};
		DF587C11244B030F00468A11 /* Storyboard */ = {
			isa = PBXGroup;
			children = (
				DF587BF8244AFC3200468A11 /* LaunchScreen.storyboard */,
				DF587BF3244AFC3000468A11 /* Main.storyboard */,
			);
			path = Storyboard;
			sourceTree = "<group>";
		};
		DF587C1D244B036F00468A11 /* Configurations */ = {
			isa = PBXGroup;
			children = (
				DF587BFB244AFC3200468A11 /* Info.plist */,
			);
			path = Configurations;
			sourceTree = "<group>";
		};
		DF587C1E244B038800468A11 /* Resources */ = {
			isa = PBXGroup;
			children = (
				DF587BF6244AFC3200468A11 /* Assets.xcassets */,
				DF587C2C244B7D4900468A11 /* Theme.xcassets */,
			);
			path = Resources;
			sourceTree = "<group>";
		};
		DF587C21244B090400468A11 /* BaseClasses */ = {
			isa = PBXGroup;
			children = (
				DF587C22244B094100468A11 /* BaseCoordinator.swift */,
			);
			path = BaseClasses;
			sourceTree = "<group>";
		};
		DF587C24244B76D400468A11 /* Features */ = {
			isa = PBXGroup;
			children = (
				DF587C25244B793F00468A11 /* AppError.swift */,
				DF587C27244B796500468A11 /* ThemeManager.swift */,
			);
			path = Features;
			sourceTree = "<group>";
		};
		DF587C29244B799A00468A11 /* Extensions */ = {
			isa = PBXGroup;
			children = (
				DF587C2A244B79BD00468A11 /* UIColor+Extensions.swift */,
				DF587C2E244B80A900468A11 /* UIViewController+Extension.swift */,
			);
			path = Extensions;
			sourceTree = "<group>";
		};
		DF587C34244B8FC700468A11 /* Library */ = {
			isa = PBXGroup;
			children = (
				DF587C35244B8FEE00468A11 /* StoryboardInitializable.swift */,
				DF587C37244C843900468A11 /* DequeueInitializable.swift */,
			);
			path = Library;
			sourceTree = "<group>";
		};
/* End PBXGroup section */

/* Begin PBXNativeTarget section */
		DF587BE9244AFC3000468A11 /* SparkNetworks */ = {
			isa = PBXNativeTarget;
			buildConfigurationList = DF587C09244AFC3200468A11 /* Build configuration list for PBXNativeTarget "SparkNetworks" */;
			buildPhases = (
				DF587BE6244AFC3000468A11 /* Sources */,
				DF587BE7244AFC3000468A11 /* Frameworks */,
				DF587BE8244AFC3000468A11 /* Resources */,
			);
			buildRules = (
			);
			dependencies = (
			);
			name = SparkNetworks;
			productName = SparkNetworks;
			productReference = DF587BEA244AFC3000468A11 /* SparkNetworks.app */;
			productType = "com.apple.product-type.application";
		};
		DF587BFF244AFC3200468A11 /* SparkNetworksTests */ = {
			isa = PBXNativeTarget;
			buildConfigurationList = DF587C0C244AFC3200468A11 /* Build configuration list for PBXNativeTarget "SparkNetworksTests" */;
			buildPhases = (
				DF587BFC244AFC3200468A11 /* Sources */,
				DF587BFD244AFC3200468A11 /* Frameworks */,
				DF587BFE244AFC3200468A11 /* Resources */,
			);
			buildRules = (
			);
			dependencies = (
				DF587C02244AFC3200468A11 /* PBXTargetDependency */,
			);
			name = SparkNetworksTests;
			productName = SparkNetworksTests;
			productReference = DF587C00244AFC3200468A11 /* SparkNetworksTests.xctest */;
			productType = "com.apple.product-type.bundle.unit-test";
		};
/* End PBXNativeTarget section */

/* Begin PBXProject section */
		DF587BE2244AFC3000468A11 /* Project object */ = {
			isa = PBXProject;
			attributes = {
				LastSwiftUpdateCheck = 1130;
				LastUpgradeCheck = 1130;
				ORGANIZATIONNAME = "Janbaz Ali";
				TargetAttributes = {
					DF587BE9244AFC3000468A11 = {
						CreatedOnToolsVersion = 11.3;
					};
					DF587BFF244AFC3200468A11 = {
						CreatedOnToolsVersion = 11.3;
						TestTargetID = DF587BE9244AFC3000468A11;
					};
				};
			};
			buildConfigurationList = DF587BE5244AFC3000468A11 /* Build configuration list for PBXProject "SparkNetworks" */;
			compatibilityVersion = "Xcode 9.3";
			developmentRegion = en;
			hasScannedForEncodings = 0;
			knownRegions = (
				en,
				Base,
			);
			mainGroup = DF587BE1244AFC3000468A11;
			productRefGroup = DF587BEB244AFC3000468A11 /* Products */;
			projectDirPath = "";
			projectRoot = "";
			targets = (
				DF587BE9244AFC3000468A11 /* SparkNetworks */,
				DF587BFF244AFC3200468A11 /* SparkNetworksTests */,
			);
		};
/* End PBXProject section */

/* Begin PBXResourcesBuildPhase section */
		DF587BE8244AFC3000468A11 /* Resources */ = {
			isa = PBXResourcesBuildPhase;
			buildActionMask = 2147483647;
			files = (
				DF587BFA244AFC3200468A11 /* LaunchScreen.storyboard in Resources */,
				DF587C2D244B7D4900468A11 /* Theme.xcassets in Resources */,
				DF587BF7244AFC3200468A11 /* Assets.xcassets in Resources */,
				DF587BF5244AFC3000468A11 /* Main.storyboard in Resources */,
			);
			runOnlyForDeploymentPostprocessing = 0;
		};
		DF587BFE244AFC3200468A11 /* Resources */ = {
			isa = PBXResourcesBuildPhase;
			buildActionMask = 2147483647;
			files = (
			);
			runOnlyForDeploymentPostprocessing = 0;
		};
/* End PBXResourcesBuildPhase section */

/* Begin PBXSourcesBuildPhase section */
		DF587BE6244AFC3000468A11 /* Sources */ = {
			isa = PBXSourcesBuildPhase;
			buildActionMask = 2147483647;
			files = (
				DF587C38244C843900468A11 /* DequeueInitializable.swift in Sources */,
				DF587C2F244B80A900468A11 /* UIViewController+Extension.swift in Sources */,
				DF587BF2244AFC3000468A11 /* PersonalityTestViewController.swift in Sources */,
				DF587BEE244AFC3000468A11 /* AppDelegate.swift in Sources */,
				DF587C26244B793F00468A11 /* AppError.swift in Sources */,
				DF587C36244B8FEE00468A11 /* StoryboardInitializable.swift in Sources */,
				DF587C28244B796500468A11 /* ThemeManager.swift in Sources */,
				DF587C2B244B79BD00468A11 /* UIColor+Extensions.swift in Sources */,
				DF587C31244B8F1A00468A11 /* AppCoordinator.swift in Sources */,
				DF587C3A244C853700468A11 /* PersonalityTestViewModel.swift in Sources */,
				DF587BF0244AFC3000468A11 /* SceneDelegate.swift in Sources */,
				DF587C23244B094100468A11 /* BaseCoordinator.swift in Sources */,
				DF587C33244B8F6600468A11 /* PersonalityTestCoordinator.swift in Sources */,
			);
			runOnlyForDeploymentPostprocessing = 0;
		};
		DF587BFC244AFC3200468A11 /* Sources */ = {
			isa = PBXSourcesBuildPhase;
			buildActionMask = 2147483647;
			files = (
				DF587C05244AFC3200468A11 /* SparkNetworksTests.swift in Sources */,
			);
			runOnlyForDeploymentPostprocessing = 0;
		};
/* End PBXSourcesBuildPhase section */

/* Begin PBXTargetDependency section */
		DF587C02244AFC3200468A11 /* PBXTargetDependency */ = {
			isa = PBXTargetDependency;
			target = DF587BE9244AFC3000468A11 /* SparkNetworks */;
			targetProxy = DF587C01244AFC3200468A11 /* PBXContainerItemProxy */;
		};
/* End PBXTargetDependency section */

/* Begin PBXVariantGroup section */
		DF587BF3244AFC3000468A11 /* Main.storyboard */ = {
			isa = PBXVariantGroup;
			children = (
				DF587BF4244AFC3000468A11 /* Base */,
			);
			name = Main.storyboard;
			sourceTree = "<group>";
		};
		DF587BF8244AFC3200468A11 /* LaunchScreen.storyboard */ = {
			isa = PBXVariantGroup;
			children = (
				DF587BF9244AFC3200468A11 /* Base */,
			);
			name = LaunchScreen.storyboard;
			sourceTree = "<group>";
		};
/* End PBXVariantGroup section */

/* Begin XCBuildConfiguration section */
		DF587C07244AFC3200468A11 /* Debug */ = {
			isa = XCBuildConfiguration;
			buildSettings = {
				ALWAYS_SEARCH_USER_PATHS = NO;
				CLANG_ANALYZER_NONNULL = YES;
				CLANG_ANALYZER_NUMBER_OBJECT_CONVERSION = YES_AGGRESSIVE;
				CLANG_CXX_LANGUAGE_STANDARD = "gnu++14";
				CLANG_CXX_LIBRARY = "libc++";
				CLANG_ENABLE_MODULES = YES;
				CLANG_ENABLE_OBJC_ARC = YES;
				CLANG_ENABLE_OBJC_WEAK = YES;
				CLANG_WARN_BLOCK_CAPTURE_AUTORELEASING = YES;
				CLANG_WARN_BOOL_CONVERSION = YES;
				CLANG_WARN_COMMA = YES;
				CLANG_WARN_CONSTANT_CONVERSION = YES;
				CLANG_WARN_DEPRECATED_OBJC_IMPLEMENTATIONS = YES;
				CLANG_WARN_DIRECT_OBJC_ISA_USAGE = YES_ERROR;
				CLANG_WARN_DOCUMENTATION_COMMENTS = YES;
				CLANG_WARN_EMPTY_BODY = YES;
				CLANG_WARN_ENUM_CONVERSION = YES;
				CLANG_WARN_INFINITE_RECURSION = YES;
				CLANG_WARN_INT_CONVERSION = YES;
				CLANG_WARN_NON_LITERAL_NULL_CONVERSION = YES;
				CLANG_WARN_OBJC_IMPLICIT_RETAIN_SELF = YES;
				CLANG_WARN_OBJC_LITERAL_CONVERSION = YES;
				CLANG_WARN_OBJC_ROOT_CLASS = YES_ERROR;
				CLANG_WARN_RANGE_LOOP_ANALYSIS = YES;
				CLANG_WARN_STRICT_PROTOTYPES = YES;
				CLANG_WARN_SUSPICIOUS_MOVE = YES;
				CLANG_WARN_UNGUARDED_AVAILABILITY = YES_AGGRESSIVE;
				CLANG_WARN_UNREACHABLE_CODE = YES;
				CLANG_WARN__DUPLICATE_METHOD_MATCH = YES;
				COPY_PHASE_STRIP = NO;
				DEBUG_INFORMATION_FORMAT = dwarf;
				ENABLE_STRICT_OBJC_MSGSEND = YES;
				ENABLE_TESTABILITY = YES;
				GCC_C_LANGUAGE_STANDARD = gnu11;
				GCC_DYNAMIC_NO_PIC = NO;
				GCC_NO_COMMON_BLOCKS = YES;
				GCC_OPTIMIZATION_LEVEL = 0;
				GCC_PREPROCESSOR_DEFINITIONS = (
					"DEBUG=1",
					"$(inherited)",
				);
				GCC_WARN_64_TO_32_BIT_CONVERSION = YES;
				GCC_WARN_ABOUT_RETURN_TYPE = YES_ERROR;
				GCC_WARN_UNDECLARED_SELECTOR = YES;
				GCC_WARN_UNINITIALIZED_AUTOS = YES_AGGRESSIVE;
				GCC_WARN_UNUSED_FUNCTION = YES;
				GCC_WARN_UNUSED_VARIABLE = YES;
				IPHONEOS_DEPLOYMENT_TARGET = 13.2;
				MTL_ENABLE_DEBUG_INFO = INCLUDE_SOURCE;
				MTL_FAST_MATH = YES;
				ONLY_ACTIVE_ARCH = YES;
				SDKROOT = iphoneos;
				SWIFT_ACTIVE_COMPILATION_CONDITIONS = DEBUG;
				SWIFT_OPTIMIZATION_LEVEL = "-Onone";
			};
			name = Debug;
		};
		DF587C08244AFC3200468A11 /* Release */ = {
			isa = XCBuildConfiguration;
			buildSettings = {
				ALWAYS_SEARCH_USER_PATHS = NO;
				CLANG_ANALYZER_NONNULL = YES;
				CLANG_ANALYZER_NUMBER_OBJECT_CONVERSION = YES_AGGRESSIVE;
				CLANG_CXX_LANGUAGE_STANDARD = "gnu++14";
				CLANG_CXX_LIBRARY = "libc++";
				CLANG_ENABLE_MODULES = YES;
				CLANG_ENABLE_OBJC_ARC = YES;
				CLANG_ENABLE_OBJC_WEAK = YES;
				CLANG_WARN_BLOCK_CAPTURE_AUTORELEASING = YES;
				CLANG_WARN_BOOL_CONVERSION = YES;
				CLANG_WARN_COMMA = YES;
				CLANG_WARN_CONSTANT_CONVERSION = YES;
				CLANG_WARN_DEPRECATED_OBJC_IMPLEMENTATIONS = YES;
				CLANG_WARN_DIRECT_OBJC_ISA_USAGE = YES_ERROR;
				CLANG_WARN_DOCUMENTATION_COMMENTS = YES;
				CLANG_WARN_EMPTY_BODY = YES;
				CLANG_WARN_ENUM_CONVERSION = YES;
				CLANG_WARN_INFINITE_RECURSION = YES;
				CLANG_WARN_INT_CONVERSION = YES;
				CLANG_WARN_NON_LITERAL_NULL_CONVERSION = YES;
				CLANG_WARN_OBJC_IMPLICIT_RETAIN_SELF = YES;
				CLANG_WARN_OBJC_LITERAL_CONVERSION = YES;
				CLANG_WARN_OBJC_ROOT_CLASS = YES_ERROR;
				CLANG_WARN_RANGE_LOOP_ANALYSIS = YES;
				CLANG_WARN_STRICT_PROTOTYPES = YES;
				CLANG_WARN_SUSPICIOUS_MOVE = YES;
				CLANG_WARN_UNGUARDED_AVAILABILITY = YES_AGGRESSIVE;
				CLANG_WARN_UNREACHABLE_CODE = YES;
				CLANG_WARN__DUPLICATE_METHOD_MATCH = YES;
				COPY_PHASE_STRIP = NO;
				DEBUG_INFORMATION_FORMAT = "dwarf-with-dsym";
				ENABLE_NS_ASSERTIONS = NO;
				ENABLE_STRICT_OBJC_MSGSEND = YES;
				GCC_C_LANGUAGE_STANDARD = gnu11;
				GCC_NO_COMMON_BLOCKS = YES;
				GCC_WARN_64_TO_32_BIT_CONVERSION = YES;
				GCC_WARN_ABOUT_RETURN_TYPE = YES_ERROR;
				GCC_WARN_UNDECLARED_SELECTOR = YES;
				GCC_WARN_UNINITIALIZED_AUTOS = YES_AGGRESSIVE;
				GCC_WARN_UNUSED_FUNCTION = YES;
				GCC_WARN_UNUSED_VARIABLE = YES;
				IPHONEOS_DEPLOYMENT_TARGET = 13.2;
				MTL_ENABLE_DEBUG_INFO = NO;
				MTL_FAST_MATH = YES;
				SDKROOT = iphoneos;
				SWIFT_COMPILATION_MODE = wholemodule;
				SWIFT_OPTIMIZATION_LEVEL = "-O";
				VALIDATE_PRODUCT = YES;
			};
			name = Release;
		};
		DF587C0A244AFC3200468A11 /* Debug */ = {
			isa = XCBuildConfiguration;
			buildSettings = {
				ASSETCATALOG_COMPILER_APPICON_NAME = AppIcon;
				CODE_SIGN_STYLE = Automatic;
				DEVELOPMENT_TEAM = LVZF2MY9UJ;
				INFOPLIST_FILE = SparkNetworks/Configurations/Info.plist;
				IPHONEOS_DEPLOYMENT_TARGET = 13.0;
				LD_RUNPATH_SEARCH_PATHS = (
					"$(inherited)",
					"@executable_path/Frameworks",
				);
				PRODUCT_BUNDLE_IDENTIFIER = com.janbazali.sparknetworks.SparkNetworks;
				PRODUCT_NAME = "$(TARGET_NAME)";
				SWIFT_VERSION = 5.0;
				TARGETED_DEVICE_FAMILY = "1,2";
			};
			name = Debug;
		};
		DF587C0B244AFC3200468A11 /* Release */ = {
			isa = XCBuildConfiguration;
			buildSettings = {
				ASSETCATALOG_COMPILER_APPICON_NAME = AppIcon;
				CODE_SIGN_STYLE = Automatic;
				DEVELOPMENT_TEAM = LVZF2MY9UJ;
				INFOPLIST_FILE = SparkNetworks/Configurations/Info.plist;
				IPHONEOS_DEPLOYMENT_TARGET = 13.0;
				LD_RUNPATH_SEARCH_PATHS = (
					"$(inherited)",
					"@executable_path/Frameworks",
				);
				PRODUCT_BUNDLE_IDENTIFIER = com.janbazali.sparknetworks.SparkNetworks;
				PRODUCT_NAME = "$(TARGET_NAME)";
				SWIFT_VERSION = 5.0;
				TARGETED_DEVICE_FAMILY = "1,2";
			};
			name = Release;
		};
		DF587C0D244AFC3200468A11 /* Debug */ = {
			isa = XCBuildConfiguration;
			buildSettings = {
				ALWAYS_EMBED_SWIFT_STANDARD_LIBRARIES = YES;
				BUNDLE_LOADER = "$(TEST_HOST)";
				CODE_SIGN_STYLE = Automatic;
				DEVELOPMENT_TEAM = LVZF2MY9UJ;
				INFOPLIST_FILE = SparkNetworksTests/Info.plist;
				IPHONEOS_DEPLOYMENT_TARGET = 13.2;
				LD_RUNPATH_SEARCH_PATHS = (
					"$(inherited)",
					"@executable_path/Frameworks",
					"@loader_path/Frameworks",
				);
				PRODUCT_BUNDLE_IDENTIFIER = com.janbazali.sparknetworks.SparkNetworksTests;
				PRODUCT_NAME = "$(TARGET_NAME)";
				SWIFT_VERSION = 5.0;
				TARGETED_DEVICE_FAMILY = "1,2";
				TEST_HOST = "$(BUILT_PRODUCTS_DIR)/SparkNetworks.app/SparkNetworks";
			};
			name = Debug;
		};
		DF587C0E244AFC3200468A11 /* Release */ = {
			isa = XCBuildConfiguration;
			buildSettings = {
				ALWAYS_EMBED_SWIFT_STANDARD_LIBRARIES = YES;
				BUNDLE_LOADER = "$(TEST_HOST)";
				CODE_SIGN_STYLE = Automatic;
				DEVELOPMENT_TEAM = LVZF2MY9UJ;
				INFOPLIST_FILE = SparkNetworksTests/Info.plist;
				IPHONEOS_DEPLOYMENT_TARGET = 13.2;
				LD_RUNPATH_SEARCH_PATHS = (
					"$(inherited)",
					"@executable_path/Frameworks",
					"@loader_path/Frameworks",
				);
				PRODUCT_BUNDLE_IDENTIFIER = com.janbazali.sparknetworks.SparkNetworksTests;
				PRODUCT_NAME = "$(TARGET_NAME)";
				SWIFT_VERSION = 5.0;
				TARGETED_DEVICE_FAMILY = "1,2";
				TEST_HOST = "$(BUILT_PRODUCTS_DIR)/SparkNetworks.app/SparkNetworks";
			};
			name = Release;
		};
/* End XCBuildConfiguration section */

/* Begin XCConfigurationList section */
		DF587BE5244AFC3000468A11 /* Build configuration list for PBXProject "SparkNetworks" */ = {
			isa = XCConfigurationList;
			buildConfigurations = (
				DF587C07244AFC3200468A11 /* Debug */,
				DF587C08244AFC3200468A11 /* Release */,
			);
			defaultConfigurationIsVisible = 0;
			defaultConfigurationName = Release;
		};
		DF587C09244AFC3200468A11 /* Build configuration list for PBXNativeTarget "SparkNetworks" */ = {
			isa = XCConfigurationList;
			buildConfigurations = (
				DF587C0A244AFC3200468A11 /* Debug */,
				DF587C0B244AFC3200468A11 /* Release */,
			);
			defaultConfigurationIsVisible = 0;
			defaultConfigurationName = Release;
		};
		DF587C0C244AFC3200468A11 /* Build configuration list for PBXNativeTarget "SparkNetworksTests" */ = {
			isa = XCConfigurationList;
			buildConfigurations = (
				DF587C0D244AFC3200468A11 /* Debug */,
				DF587C0E244AFC3200468A11 /* Release */,
			);
			defaultConfigurationIsVisible = 0;
			defaultConfigurationName = Release;
		};
/* End XCConfigurationList section */
	};
	rootObject = DF587BE2244AFC3000468A11 /* Project object */;
}
